
Microsoft Visual Studio Solution File, Format Version 12.00
# Visual Studio Version 17
VisualStudioVersion = 17.0.31903.59
MinimumVisualStudioVersion = 10.0.40219.1
Project("{FAE04EC0-301F-11D3-BF4B-00C04F79EFBC}") = "Rc2FsCs.App", "App\Rc2FsCs.App.csproj", "{6398C45E-ED67-4AA2-9D21-DBC64D67C0D5}"
EndProject
Project("{F2A71F9B-5D33-465A-A702-920D77279786}") = "Rc2FsCs.Lib", "Lib\Rc2FsCs.Lib.fsproj", "{DC4E41A3-2F65-4DEB-9A35-BD9BB4BE2278}"
EndProject
Global
	GlobalSection(SolutionConfigurationPlatforms) = preSolution
		Debug|Any CPU = Debug|Any CPU
		Release|Any CPU = Release|Any CPU
	EndGlobalSection
	GlobalSection(SolutionProperties) = preSolution
		HideSolutionNode = FALSE
	EndGlobalSection
	GlobalSection(ProjectConfigurationPlatforms) = postSolution
		{6398C45E-ED67-4AA2-9D21-DBC64D67C0D5}.Debug|Any CPU.ActiveCfg = Debug|Any CPU
		{6398C45E-ED67-4AA2-9D21-DBC64D67C0D5}.Debug|Any CPU.Build.0 = Debug|Any CPU
		{6398C45E-ED67-4AA2-9D21-DBC64D67C0D5}.Release|Any CPU.ActiveCfg = Release|Any CPU
		{6398C45E-ED67-4AA2-9D21-DBC64D67C0D5}.Release|Any CPU.Build.0 = Release|Any CPU
		{DC4E41A3-2F65-4DEB-9A35-BD9BB4BE2278}.Debug|Any CPU.ActiveCfg = Debug|Any CPU
		{DC4E41A3-2F65-4DEB-9A35-BD9BB4BE2278}.Debug|Any CPU.Build.0 = Debug|Any CPU
		{DC4E41A3-2F65-4DEB-9A35-BD9BB4BE2278}.Release|Any CPU.ActiveCfg = Release|Any CPU
		{DC4E41A3-2F65-4DEB-9A35-BD9BB4BE2278}.Release|Any CPU.Build.0 = Release|Any CPU
	EndGlobalSection
EndGlobal
